
Microsoft Visual Studio Solution File, Format Version 12.00
# Visual Studio Version 17
VisualStudioVersion = 17.0.32014.148
MinimumVisualStudioVersion = 10.0.40219.1
Project("{FAE04EC0-301F-11D3-BF4B-00C04F79EFBC}") = "Directory_Viewer", "Directory_Viewer\Directory_Viewer.csproj", "{2B7E90C8-BD7E-4B61-B223-74238E9A7D43}"
EndProject
Global
	GlobalSection(SolutionConfigurationPlatforms) = preSolution
		Debug|Any CPU = Debug|Any CPU
		Release|Any CPU = Release|Any CPU
	EndGlobalSection
	GlobalSection(ProjectConfigurationPlatforms) = postSolution
		{2B7E90C8-BD7E-4B61-B223-74238E9A7D43}.Debug|Any CPU.ActiveCfg = Debug|Any CPU
		{2B7E90C8-BD7E-4B61-B223-74238E9A7D43}.Debug|Any CPU.Build.0 = Debug|Any CPU
		{2B7E90C8-BD7E-4B61-B223-74238E9A7D43}.Release|Any CPU.ActiveCfg = Release|Any CPU
		{2B7E90C8-BD7E-4B61-B223-74238E9A7D43}.Release|Any CPU.Build.0 = Release|Any CPU
	EndGlobalSection
	GlobalSection(SolutionProperties) = preSolution
		HideSolutionNode = FALSE
	EndGlobalSection
	GlobalSection(ExtensibilityGlobals) = postSolution
		SolutionGuid = {2570BA5A-313A-4F38-BD08-00F2D5CAFC04}
	EndGlobalSection
EndGlobal
